
Microsoft Visual Studio Solution File, Format Version 12.00
# Visual Studio 2017
Project("{FAE04EC0-301F-11D3-BF4B-00C04F79EFBC}") = "Unity-Tensorflow-DQN2015-Vehicle-Simulator", "Unity-Tensorflow-DQN2015-Vehicle-Simulator.csproj", "{541A3471-B41C-599B-B7D1-9B24EB32BF88}"
EndProject
Global
	GlobalSection(SolutionConfigurationPlatforms) = preSolution
		Debug|Any CPU = Debug|Any CPU
		Release|Any CPU = Release|Any CPU
	EndGlobalSection
	GlobalSection(ProjectConfigurationPlatforms) = postSolution
		{541A3471-B41C-599B-B7D1-9B24EB32BF88}.Debug|Any CPU.ActiveCfg = Debug|Any CPU
		{541A3471-B41C-599B-B7D1-9B24EB32BF88}.Debug|Any CPU.Build.0 = Debug|Any CPU
		{541A3471-B41C-599B-B7D1-9B24EB32BF88}.Release|Any CPU.ActiveCfg = Release|Any CPU
		{541A3471-B41C-599B-B7D1-9B24EB32BF88}.Release|Any CPU.Build.0 = Release|Any CPU
	EndGlobalSection
	GlobalSection(SolutionProperties) = preSolution
		HideSolutionNode = FALSE
	EndGlobalSection
EndGlobal
